
Microsoft Visual Studio Solution File, Format Version 12.00
# Visual Studio Version 17
VisualStudioVersion = 17.7.34221.43
MinimumVisualStudioVersion = 10.0.40219.1
Project("{FAE04EC0-301F-11D3-BF4B-00C04F79EFBC}") = "gcai", "gcai.csproj", "{9BB5ACE3-E900-4A90-9B95-C213DFF45AB6}"
EndProject
Global
	GlobalSection(SolutionConfigurationPlatforms) = preSolution
		Debug|Any CPU = Debug|Any CPU
		Release|Any CPU = Release|Any CPU
	EndGlobalSection
	GlobalSection(ProjectConfigurationPlatforms) = postSolution
		{9BB5ACE3-E900-4A90-9B95-C213DFF45AB6}.Debug|Any CPU.ActiveCfg = Debug|Any CPU
		{9BB5ACE3-E900-4A90-9B95-C213DFF45AB6}.Debug|Any CPU.Build.0 = Debug|Any CPU
		{9BB5ACE3-E900-4A90-9B95-C213DFF45AB6}.Release|Any CPU.ActiveCfg = Release|Any CPU
		{9BB5ACE3-E900-4A90-9B95-C213DFF45AB6}.Release|Any CPU.Build.0 = Release|Any CPU
	EndGlobalSection
	GlobalSection(SolutionProperties) = preSolution
		HideSolutionNode = FALSE
	EndGlobalSection
	GlobalSection(ExtensibilityGlobals) = postSolution
		SolutionGuid = {F87B3BA0-043C-4E22-806B-7B02E0646B8E}
	EndGlobalSection
EndGlobal
